schema: '2.0'
stages:
  get_data:
    cmd: python src/get_data.py
    deps:
    - path: src/get_data.py
      md5: 04ed409e452fc352c2112dd38bb65092
      size: 286
    outs:
    - path: data/RestaurantReviews.tsv
      md5: 102f1f4193e0bdebdd6cce7f13e0a839
      size: 54686
  preprocess:
    cmd: python src/preprocess.py
    deps:
    - path: data/RestaurantReviews.tsv
      md5: 102f1f4193e0bdebdd6cce7f13e0a839
      size: 54686
    - path: src/preprocess.py
      md5: b5235dac348080edb7877c26e039b403
      size: 1866
    outs:
    - path: data/preprocessed_data.joblib
      md5: b9ebf24cdaf8211af925afe954c6ecf4
      size: 10224225
    - path: preprocessor/preprocessor.joblib
      md5: f6e22e7b0a5d7af52962652f04eb2869
      size: 39827
  train:
    cmd: python src/train.py
    deps:
    - path: data/RestaurantReviews.tsv
      md5: 102f1f4193e0bdebdd6cce7f13e0a839
      size: 54686
    - path: data/preprocessed_data.joblib
      md5: b9ebf24cdaf8211af925afe954c6ecf4
      size: 10224225
    - path: src/train.py
      md5: c0db9e784e68f9b40d9e2c69376c8001
      size: 1774
    outs:
    - path: metrics/metrics.json
      md5: 5d275fb7aaeeadcc095a58493a44be35
      size: 95
    - path: models/model.joblib
      md5: 2dbe5f4485dc8cc33a2654fd3b4984d6
      size: 12156
