schema: '2.0'
stages:
  get_data:
    cmd: python src/data/get_data.py
    deps:
    - path: src/data/get_data.py
      md5: 10d3961a2ffe9375b0ef541a037a0962
      size: 443
    outs:
    - path: data/raw/RestaurantReviews.tsv
      md5: 102f1f4193e0bdebdd6cce7f13e0a839
      size: 54686
  preprocess:
    cmd: python src/features/preprocess.py
    deps:
    - path: data/raw/RestaurantReviews.tsv
      md5: 102f1f4193e0bdebdd6cce7f13e0a839
      size: 54686
    - path: src/features/preprocess.py
      md5: 613b86882a6f83913738fe0ca9597df6
      size: 849
    outs:
    - path: data/processed/preprocessed_data.joblib
      md5: fbcd6107a65b29e49003ad19df6ccf27
      size: 10231474
  train:
    cmd: python src/models/train.py
    deps:
    - path: data/processed/preprocessed_data.joblib
      md5: fbcd6107a65b29e49003ad19df6ccf27
      size: 10231474
    - path: src/models/train.py
      md5: 4ee376c7a3ba210caaa5942f303493fd
      size: 1270
    outs:
    - path: data/test/test_data.joblib
      md5: 7ea1beac810e98cc1e71f5206cdbfbc9
      size: 2046514
    - path: models/model.joblib
      md5: 5d3c083c19b5395765191ad65c801177
      size: 12156
  evaluate:
    cmd: python src/models/evaluation.py
    deps:
    - path: data/test/test_data.joblib
      md5: 7ea1beac810e98cc1e71f5206cdbfbc9
      size: 2046514
    - path: models/model.joblib
      md5: 5d3c083c19b5395765191ad65c801177
      size: 12156
    - path: src/models/evaluation.py
      md5: ac13d869d3d66f0bdccfda6cb18ffdb0
      size: 967
    outs:
    - path: metrics/metrics.json
      md5: 5d275fb7aaeeadcc095a58493a44be35
      size: 95
